
Microsoft Visual Studio Solution File, Format Version 12.00
# Visual Studio Version 16
VisualStudioVersion = 16.0.30611.23
MinimumVisualStudioVersion = 10.0.40219.1
Project("{FAE04EC0-301F-11D3-BF4B-00C04F79EFBC}") = "PortalDeNoticias", "PortalDeNoticias\PortalDeNoticias.csproj", "{BF07EF24-C1EF-44A9-A79B-0829BB28D662}"
EndProject
Global
	GlobalSection(SolutionConfigurationPlatforms) = preSolution
		Debug|Any CPU = Debug|Any CPU
		Release|Any CPU = Release|Any CPU
	EndGlobalSection
	GlobalSection(ProjectConfigurationPlatforms) = postSolution
		{BF07EF24-C1EF-44A9-A79B-0829BB28D662}.Debug|Any CPU.ActiveCfg = Debug|Any CPU
		{BF07EF24-C1EF-44A9-A79B-0829BB28D662}.Debug|Any CPU.Build.0 = Debug|Any CPU
		{BF07EF24-C1EF-44A9-A79B-0829BB28D662}.Release|Any CPU.ActiveCfg = Release|Any CPU
		{BF07EF24-C1EF-44A9-A79B-0829BB28D662}.Release|Any CPU.Build.0 = Release|Any CPU
	EndGlobalSection
	GlobalSection(SolutionProperties) = preSolution
		HideSolutionNode = FALSE
	EndGlobalSection
	GlobalSection(ExtensibilityGlobals) = postSolution
		SolutionGuid = {50B88DB1-AE6F-4F7C-B41E-0E1BCD57D770}
	EndGlobalSection
EndGlobal
